
Microsoft Visual Studio Solution File, Format Version 12.00
# Visual Studio Version 16
VisualStudioVersion = 16.0.29209.62
MinimumVisualStudioVersion = 10.0.40219.1
Project("{9A19103F-16F7-4668-BE54-9A1E7A4F7556}") = "uplink.NET", "uplink.NET\uplink.NET.csproj", "{5BBE87EC-C89F-4676-84DB-3F6A2678DC53}"
EndProject
Project("{9A19103F-16F7-4668-BE54-9A1E7A4F7556}") = "uplink.NET.Test", "uplink.NET.Test\uplink.NET.Test.csproj", "{1C714B3C-551C-4DDD-810A-D8CD6917FB3C}"
EndProject
Project("{D954291E-2A0B-460D-934E-DC6B0785DB48}") = "uplink.NET.Shared", "uplink.NET.Shared\uplink.NET.Shared.shproj", "{A5A6FA4D-6FD1-48B1-86B1-0263262BC432}"
EndProject
Project("{FAE04EC0-301F-11D3-BF4B-00C04F79EFBC}") = "uplink.NET.Droid", "uplink.NET.Droid\uplink.NET.Droid.csproj", "{17D64967-6893-469F-8950-114A983D2A2F}"
EndProject
Project("{FAE04EC0-301F-11D3-BF4B-00C04F79EFBC}") = "uplink.NET.Droid.TestApp", "uplink.NET.Droid.TestApp\uplink.NET.Droid.TestApp.csproj", "{ACEB68B3-6981-4B74-8D55-00A2E6D54E72}"
EndProject
Project("{2150E333-8FDC-42A3-9474-1A3956D46DE8}") = "Nuget", "Nuget", "{DE9F92CC-DEE8-42A0-AA03-202FBB2158A2}"
	ProjectSection(SolutionItems) = preProject
		Package.nuspec = Package.nuspec
	EndProjectSection
EndProject
Global
	GlobalSection(SharedMSBuildProjectFiles) = preSolution
		uplink.NET.Shared\uplink.NET.Shared.projitems*{17d64967-6893-469f-8950-114a983d2a2f}*SharedItemsImports = 4
		uplink.NET.Shared\uplink.NET.Shared.projitems*{a5a6fa4d-6fd1-48b1-86b1-0263262bc432}*SharedItemsImports = 13
	EndGlobalSection
	GlobalSection(SolutionConfigurationPlatforms) = preSolution
		Debug|Any CPU = Debug|Any CPU
		Release|Any CPU = Release|Any CPU
	EndGlobalSection
	GlobalSection(ProjectConfigurationPlatforms) = postSolution
		{5BBE87EC-C89F-4676-84DB-3F6A2678DC53}.Debug|Any CPU.ActiveCfg = Debug|Any CPU
		{5BBE87EC-C89F-4676-84DB-3F6A2678DC53}.Debug|Any CPU.Build.0 = Debug|Any CPU
		{5BBE87EC-C89F-4676-84DB-3F6A2678DC53}.Release|Any CPU.ActiveCfg = Release|Any CPU
		{5BBE87EC-C89F-4676-84DB-3F6A2678DC53}.Release|Any CPU.Build.0 = Release|Any CPU
		{1C714B3C-551C-4DDD-810A-D8CD6917FB3C}.Debug|Any CPU.ActiveCfg = Debug|Any CPU
		{1C714B3C-551C-4DDD-810A-D8CD6917FB3C}.Debug|Any CPU.Build.0 = Debug|Any CPU
		{1C714B3C-551C-4DDD-810A-D8CD6917FB3C}.Release|Any CPU.ActiveCfg = Release|Any CPU
		{1C714B3C-551C-4DDD-810A-D8CD6917FB3C}.Release|Any CPU.Build.0 = Release|Any CPU
		{17D64967-6893-469F-8950-114A983D2A2F}.Debug|Any CPU.ActiveCfg = Debug|Any CPU
		{17D64967-6893-469F-8950-114A983D2A2F}.Debug|Any CPU.Build.0 = Debug|Any CPU
		{17D64967-6893-469F-8950-114A983D2A2F}.Release|Any CPU.ActiveCfg = Release|Any CPU
		{17D64967-6893-469F-8950-114A983D2A2F}.Release|Any CPU.Build.0 = Release|Any CPU
		{ACEB68B3-6981-4B74-8D55-00A2E6D54E72}.Debug|Any CPU.ActiveCfg = Debug|Any CPU
		{ACEB68B3-6981-4B74-8D55-00A2E6D54E72}.Debug|Any CPU.Build.0 = Debug|Any CPU
		{ACEB68B3-6981-4B74-8D55-00A2E6D54E72}.Debug|Any CPU.Deploy.0 = Debug|Any CPU
		{ACEB68B3-6981-4B74-8D55-00A2E6D54E72}.Release|Any CPU.ActiveCfg = Release|Any CPU
		{ACEB68B3-6981-4B74-8D55-00A2E6D54E72}.Release|Any CPU.Build.0 = Release|Any CPU
		{ACEB68B3-6981-4B74-8D55-00A2E6D54E72}.Release|Any CPU.Deploy.0 = Release|Any CPU
	EndGlobalSection
	GlobalSection(SolutionProperties) = preSolution
		HideSolutionNode = FALSE
	EndGlobalSection
	GlobalSection(ExtensibilityGlobals) = postSolution
		SolutionGuid = {C466F6FB-DFFB-4EF5-8A95-D70C0BA716D1}
	EndGlobalSection
EndGlobal
